
Microsoft Visual Studio Solution File, Format Version 12.00
# Visual Studio 15
VisualStudioVersion = 15.0.28307.136
MinimumVisualStudioVersion = 10.0.40219.1
Project("{8BC9CEB8-8B4A-11D0-8D11-00A0C91BC942}") = "Day1", "Day1\Day1.vcxproj", "{F64F4497-ACE4-48AE-AE8C-CA194DA5D748}"
	ProjectSection(ProjectDependencies) = postProject
		{E531CA0C-AD9D-4A96-857F-72D1AF2F65DC} = {E531CA0C-AD9D-4A96-857F-72D1AF2F65DC}
	EndProjectSection
EndProject
Project("{8BC9CEB8-8B4A-11D0-8D11-00A0C91BC942}") = "Day2", "Day2\Day2.vcxproj", "{B80B7CDD-C19D-4139-9DA5-A45ED05B8184}"
	ProjectSection(ProjectDependencies) = postProject
		{E531CA0C-AD9D-4A96-857F-72D1AF2F65DC} = {E531CA0C-AD9D-4A96-857F-72D1AF2F65DC}
	EndProjectSection
EndProject
Project("{8BC9CEB8-8B4A-11D0-8D11-00A0C91BC942}") = "Day3", "Day3\Day3.vcxproj", "{CD434380-F96F-4A2A-9B3E-0B172031A62C}"
	ProjectSection(ProjectDependencies) = postProject
		{E531CA0C-AD9D-4A96-857F-72D1AF2F65DC} = {E531CA0C-AD9D-4A96-857F-72D1AF2F65DC}
	EndProjectSection
EndProject
Project("{8BC9CEB8-8B4A-11D0-8D11-00A0C91BC942}") = "Day4", "Day4\Day4.vcxproj", "{09AD8F9B-5E10-4772-9733-CE935A98C888}"
	ProjectSection(ProjectDependencies) = postProject
		{E531CA0C-AD9D-4A96-857F-72D1AF2F65DC} = {E531CA0C-AD9D-4A96-857F-72D1AF2F65DC}
	EndProjectSection
EndProject
Project("{8BC9CEB8-8B4A-11D0-8D11-00A0C91BC942}") = "Day5", "Day5\Day5.vcxproj", "{3423752D-5A09-4F2A-86C2-5AEE9A2F4FB0}"
	ProjectSection(ProjectDependencies) = postProject
		{E531CA0C-AD9D-4A96-857F-72D1AF2F65DC} = {E531CA0C-AD9D-4A96-857F-72D1AF2F65DC}
	EndProjectSection
EndProject
Project("{8BC9CEB8-8B4A-11D0-8D11-00A0C91BC942}") = "Day6", "Day6\Day6.vcxproj", "{4DB5FEB5-EF69-4D74-A771-359DCE8655D2}"
	ProjectSection(ProjectDependencies) = postProject
		{E531CA0C-AD9D-4A96-857F-72D1AF2F65DC} = {E531CA0C-AD9D-4A96-857F-72D1AF2F65DC}
	EndProjectSection
EndProject
Project("{8BC9CEB8-8B4A-11D0-8D11-00A0C91BC942}") = "Day7", "Day7\Day7.vcxproj", "{57B80935-3E56-4774-8943-3E413773500C}"
	ProjectSection(ProjectDependencies) = postProject
		{E531CA0C-AD9D-4A96-857F-72D1AF2F65DC} = {E531CA0C-AD9D-4A96-857F-72D1AF2F65DC}
	EndProjectSection
EndProject
Project("{8BC9CEB8-8B4A-11D0-8D11-00A0C91BC942}") = "AoCHelpers", "AoCHelpers\AoCHelpers.vcxproj", "{E531CA0C-AD9D-4A96-857F-72D1AF2F65DC}"
EndProject
Project("{8BC9CEB8-8B4A-11D0-8D11-00A0C91BC942}") = "Day8", "Day8\Day8.vcxproj", "{466697E0-3B94-44CD-ACD4-6194CF7C05BB}"
EndProject
Project("{8BC9CEB8-8B4A-11D0-8D11-00A0C91BC942}") = "Day9", "Day9\Day9.vcxproj", "{A8B5483B-1E37-41D6-8A7D-81BBADA45527}"
EndProject
Project("{8BC9CEB8-8B4A-11D0-8D11-00A0C91BC942}") = "Day10", "Day10\Day10.vcxproj", "{AC1A31EB-ED7C-40D2-9A8F-44B12AC7E382}"
EndProject
Project("{8BC9CEB8-8B4A-11D0-8D11-00A0C91BC942}") = "Day11", "Day11\Day11.vcxproj", "{E9E8DD6D-EA33-49A7-9DB6-50814F8726E5}"
EndProject
Project("{8BC9CEB8-8B4A-11D0-8D11-00A0C91BC942}") = "Day12", "Day12\Day12.vcxproj", "{9457BD18-05F1-4575-9ED6-A44AB72C4C7B}"
EndProject
Project("{8BC9CEB8-8B4A-11D0-8D11-00A0C91BC942}") = "Day13", "Day13\Day13.vcxproj", "{EF09A688-02D6-4049-9507-568DCE3CE9EC}"
EndProject
Project("{8BC9CEB8-8B4A-11D0-8D11-00A0C91BC942}") = "Day14", "Day14\Day14.vcxproj", "{9C735599-9D67-4A89-9940-F3384A4D2884}"
EndProject
Global
	GlobalSection(SolutionConfigurationPlatforms) = preSolution
		Debug|x64 = Debug|x64
		Debug|x86 = Debug|x86
		Release|x64 = Release|x64
		Release|x86 = Release|x86
	EndGlobalSection
	GlobalSection(ProjectConfigurationPlatforms) = postSolution
		{F64F4497-ACE4-48AE-AE8C-CA194DA5D748}.Debug|x64.ActiveCfg = Debug|x64
		{F64F4497-ACE4-48AE-AE8C-CA194DA5D748}.Debug|x64.Build.0 = Debug|x64
		{F64F4497-ACE4-48AE-AE8C-CA194DA5D748}.Debug|x86.ActiveCfg = Debug|Win32
		{F64F4497-ACE4-48AE-AE8C-CA194DA5D748}.Debug|x86.Build.0 = Debug|Win32
		{F64F4497-ACE4-48AE-AE8C-CA194DA5D748}.Release|x64.ActiveCfg = Release|x64
		{F64F4497-ACE4-48AE-AE8C-CA194DA5D748}.Release|x64.Build.0 = Release|x64
		{F64F4497-ACE4-48AE-AE8C-CA194DA5D748}.Release|x86.ActiveCfg = Release|Win32
		{F64F4497-ACE4-48AE-AE8C-CA194DA5D748}.Release|x86.Build.0 = Release|Win32
		{B80B7CDD-C19D-4139-9DA5-A45ED05B8184}.Debug|x64.ActiveCfg = Debug|x64
		{B80B7CDD-C19D-4139-9DA5-A45ED05B8184}.Debug|x64.Build.0 = Debug|x64
		{B80B7CDD-C19D-4139-9DA5-A45ED05B8184}.Debug|x86.ActiveCfg = Debug|Win32
		{B80B7CDD-C19D-4139-9DA5-A45ED05B8184}.Debug|x86.Build.0 = Debug|Win32
		{B80B7CDD-C19D-4139-9DA5-A45ED05B8184}.Release|x64.ActiveCfg = Release|x64
		{B80B7CDD-C19D-4139-9DA5-A45ED05B8184}.Release|x64.Build.0 = Release|x64
		{B80B7CDD-C19D-4139-9DA5-A45ED05B8184}.Release|x86.ActiveCfg = Release|Win32
		{B80B7CDD-C19D-4139-9DA5-A45ED05B8184}.Release|x86.Build.0 = Release|Win32
		{CD434380-F96F-4A2A-9B3E-0B172031A62C}.Debug|x64.ActiveCfg = Debug|x64
		{CD434380-F96F-4A2A-9B3E-0B172031A62C}.Debug|x64.Build.0 = Debug|x64
		{CD434380-F96F-4A2A-9B3E-0B172031A62C}.Debug|x86.ActiveCfg = Debug|Win32
		{CD434380-F96F-4A2A-9B3E-0B172031A62C}.Debug|x86.Build.0 = Debug|Win32
		{CD434380-F96F-4A2A-9B3E-0B172031A62C}.Release|x64.ActiveCfg = Release|x64
		{CD434380-F96F-4A2A-9B3E-0B172031A62C}.Release|x64.Build.0 = Release|x64
		{CD434380-F96F-4A2A-9B3E-0B172031A62C}.Release|x86.ActiveCfg = Release|Win32
		{CD434380-F96F-4A2A-9B3E-0B172031A62C}.Release|x86.Build.0 = Release|Win32
		{09AD8F9B-5E10-4772-9733-CE935A98C888}.Debug|x64.ActiveCfg = Debug|x64
		{09AD8F9B-5E10-4772-9733-CE935A98C888}.Debug|x64.Build.0 = Debug|x64
		{09AD8F9B-5E10-4772-9733-CE935A98C888}.Debug|x86.ActiveCfg = Debug|Win32
		{09AD8F9B-5E10-4772-9733-CE935A98C888}.Debug|x86.Build.0 = Debug|Win32
		{09AD8F9B-5E10-4772-9733-CE935A98C888}.Release|x64.ActiveCfg = Release|x64
		{09AD8F9B-5E10-4772-9733-CE935A98C888}.Release|x64.Build.0 = Release|x64
		{09AD8F9B-5E10-4772-9733-CE935A98C888}.Release|x86.ActiveCfg = Release|Win32
		{09AD8F9B-5E10-4772-9733-CE935A98C888}.Release|x86.Build.0 = Release|Win32
		{3423752D-5A09-4F2A-86C2-5AEE9A2F4FB0}.Debug|x64.ActiveCfg = Debug|x64
		{3423752D-5A09-4F2A-86C2-5AEE9A2F4FB0}.Debug|x64.Build.0 = Debug|x64
		{3423752D-5A09-4F2A-86C2-5AEE9A2F4FB0}.Debug|x86.ActiveCfg = Debug|Win32
		{3423752D-5A09-4F2A-86C2-5AEE9A2F4FB0}.Debug|x86.Build.0 = Debug|Win32
		{3423752D-5A09-4F2A-86C2-5AEE9A2F4FB0}.Release|x64.ActiveCfg = Release|x64
		{3423752D-5A09-4F2A-86C2-5AEE9A2F4FB0}.Release|x64.Build.0 = Release|x64
		{3423752D-5A09-4F2A-86C2-5AEE9A2F4FB0}.Release|x86.ActiveCfg = Release|Win32
		{3423752D-5A09-4F2A-86C2-5AEE9A2F4FB0}.Release|x86.Build.0 = Release|Win32
		{4DB5FEB5-EF69-4D74-A771-359DCE8655D2}.Debug|x64.ActiveCfg = Debug|x64
		{4DB5FEB5-EF69-4D74-A771-359DCE8655D2}.Debug|x64.Build.0 = Debug|x64
		{4DB5FEB5-EF69-4D74-A771-359DCE8655D2}.Debug|x86.ActiveCfg = Debug|Win32
		{4DB5FEB5-EF69-4D74-A771-359DCE8655D2}.Debug|x86.Build.0 = Debug|Win32
		{4DB5FEB5-EF69-4D74-A771-359DCE8655D2}.Release|x64.ActiveCfg = Release|x64
		{4DB5FEB5-EF69-4D74-A771-359DCE8655D2}.Release|x64.Build.0 = Release|x64
		{4DB5FEB5-EF69-4D74-A771-359DCE8655D2}.Release|x86.ActiveCfg = Release|Win32
		{4DB5FEB5-EF69-4D74-A771-359DCE8655D2}.Release|x86.Build.0 = Release|Win32
		{57B80935-3E56-4774-8943-3E413773500C}.Debug|x64.ActiveCfg = Debug|x64
		{57B80935-3E56-4774-8943-3E413773500C}.Debug|x64.Build.0 = Debug|x64
		{57B80935-3E56-4774-8943-3E413773500C}.Debug|x86.ActiveCfg = Debug|Win32
		{57B80935-3E56-4774-8943-3E413773500C}.Debug|x86.Build.0 = Debug|Win32
		{57B80935-3E56-4774-8943-3E413773500C}.Release|x64.ActiveCfg = Release|x64
		{57B80935-3E56-4774-8943-3E413773500C}.Release|x64.Build.0 = Release|x64
		{57B80935-3E56-4774-8943-3E413773500C}.Release|x86.ActiveCfg = Release|Win32
		{57B80935-3E56-4774-8943-3E413773500C}.Release|x86.Build.0 = Release|Win32
		{E531CA0C-AD9D-4A96-857F-72D1AF2F65DC}.Debug|x64.ActiveCfg = Debug|x64
		{E531CA0C-AD9D-4A96-857F-72D1AF2F65DC}.Debug|x64.Build.0 = Debug|x64
		{E531CA0C-AD9D-4A96-857F-72D1AF2F65DC}.Debug|x86.ActiveCfg = Debug|Win32
		{E531CA0C-AD9D-4A96-857F-72D1AF2F65DC}.Debug|x86.Build.0 = Debug|Win32
		{E531CA0C-AD9D-4A96-857F-72D1AF2F65DC}.Release|x64.ActiveCfg = Release|x64
		{E531CA0C-AD9D-4A96-857F-72D1AF2F65DC}.Release|x64.Build.0 = Release|x64
		{E531CA0C-AD9D-4A96-857F-72D1AF2F65DC}.Release|x86.ActiveCfg = Release|Win32
		{E531CA0C-AD9D-4A96-857F-72D1AF2F65DC}.Release|x86.Build.0 = Release|Win32
		{466697E0-3B94-44CD-ACD4-6194CF7C05BB}.Debug|x64.ActiveCfg = Debug|x64
		{466697E0-3B94-44CD-ACD4-6194CF7C05BB}.Debug|x64.Build.0 = Debug|x64
		{466697E0-3B94-44CD-ACD4-6194CF7C05BB}.Debug|x86.ActiveCfg = Debug|Win32
		{466697E0-3B94-44CD-ACD4-6194CF7C05BB}.Debug|x86.Build.0 = Debug|Win32
		{466697E0-3B94-44CD-ACD4-6194CF7C05BB}.Release|x64.ActiveCfg = Release|x64
		{466697E0-3B94-44CD-ACD4-6194CF7C05BB}.Release|x64.Build.0 = Release|x64
		{466697E0-3B94-44CD-ACD4-6194CF7C05BB}.Release|x86.ActiveCfg = Release|Win32
		{466697E0-3B94-44CD-ACD4-6194CF7C05BB}.Release|x86.Build.0 = Release|Win32
		{A8B5483B-1E37-41D6-8A7D-81BBADA45527}.Debug|x64.ActiveCfg = Debug|x64
		{A8B5483B-1E37-41D6-8A7D-81BBADA45527}.Debug|x64.Build.0 = Debug|x64
		{A8B5483B-1E37-41D6-8A7D-81BBADA45527}.Debug|x86.ActiveCfg = Debug|Win32
		{A8B5483B-1E37-41D6-8A7D-81BBADA45527}.Debug|x86.Build.0 = Debug|Win32
		{A8B5483B-1E37-41D6-8A7D-81BBADA45527}.Release|x64.ActiveCfg = Release|x64
		{A8B5483B-1E37-41D6-8A7D-81BBADA45527}.Release|x64.Build.0 = Release|x64
		{A8B5483B-1E37-41D6-8A7D-81BBADA45527}.Release|x86.ActiveCfg = Release|Win32
		{A8B5483B-1E37-41D6-8A7D-81BBADA45527}.Release|x86.Build.0 = Release|Win32
		{AC1A31EB-ED7C-40D2-9A8F-44B12AC7E382}.Debug|x64.ActiveCfg = Debug|x64
		{AC1A31EB-ED7C-40D2-9A8F-44B12AC7E382}.Debug|x64.Build.0 = Debug|x64
		{AC1A31EB-ED7C-40D2-9A8F-44B12AC7E382}.Debug|x86.ActiveCfg = Debug|Win32
		{AC1A31EB-ED7C-40D2-9A8F-44B12AC7E382}.Debug|x86.Build.0 = Debug|Win32
		{AC1A31EB-ED7C-40D2-9A8F-44B12AC7E382}.Release|x64.ActiveCfg = Release|x64
		{AC1A31EB-ED7C-40D2-9A8F-44B12AC7E382}.Release|x64.Build.0 = Release|x64
		{AC1A31EB-ED7C-40D2-9A8F-44B12AC7E382}.Release|x86.ActiveCfg = Release|Win32
		{AC1A31EB-ED7C-40D2-9A8F-44B12AC7E382}.Release|x86.Build.0 = Release|Win32
		{E9E8DD6D-EA33-49A7-9DB6-50814F8726E5}.Debug|x64.ActiveCfg = Debug|x64
		{E9E8DD6D-EA33-49A7-9DB6-50814F8726E5}.Debug|x64.Build.0 = Debug|x64
		{E9E8DD6D-EA33-49A7-9DB6-50814F8726E5}.Debug|x86.ActiveCfg = Debug|Win32
		{E9E8DD6D-EA33-49A7-9DB6-50814F8726E5}.Debug|x86.Build.0 = Debug|Win32
		{E9E8DD6D-EA33-49A7-9DB6-50814F8726E5}.Release|x64.ActiveCfg = Release|x64
		{E9E8DD6D-EA33-49A7-9DB6-50814F8726E5}.Release|x64.Build.0 = Release|x64
		{E9E8DD6D-EA33-49A7-9DB6-50814F8726E5}.Release|x86.ActiveCfg = Release|Win32
		{E9E8DD6D-EA33-49A7-9DB6-50814F8726E5}.Release|x86.Build.0 = Release|Win32
		{9457BD18-05F1-4575-9ED6-A44AB72C4C7B}.Debug|x64.ActiveCfg = Debug|x64
		{9457BD18-05F1-4575-9ED6-A44AB72C4C7B}.Debug|x64.Build.0 = Debug|x64
		{9457BD18-05F1-4575-9ED6-A44AB72C4C7B}.Debug|x86.ActiveCfg = Debug|Win32
		{9457BD18-05F1-4575-9ED6-A44AB72C4C7B}.Debug|x86.Build.0 = Debug|Win32
		{9457BD18-05F1-4575-9ED6-A44AB72C4C7B}.Release|x64.ActiveCfg = Release|x64
		{9457BD18-05F1-4575-9ED6-A44AB72C4C7B}.Release|x64.Build.0 = Release|x64
		{9457BD18-05F1-4575-9ED6-A44AB72C4C7B}.Release|x86.ActiveCfg = Release|Win32
		{9457BD18-05F1-4575-9ED6-A44AB72C4C7B}.Release|x86.Build.0 = Release|Win32
		{EF09A688-02D6-4049-9507-568DCE3CE9EC}.Debug|x64.ActiveCfg = Debug|x64
		{EF09A688-02D6-4049-9507-568DCE3CE9EC}.Debug|x64.Build.0 = Debug|x64
		{EF09A688-02D6-4049-9507-568DCE3CE9EC}.Debug|x86.ActiveCfg = Debug|Win32
		{EF09A688-02D6-4049-9507-568DCE3CE9EC}.Debug|x86.Build.0 = Debug|Win32
		{EF09A688-02D6-4049-9507-568DCE3CE9EC}.Release|x64.ActiveCfg = Release|x64
		{EF09A688-02D6-4049-9507-568DCE3CE9EC}.Release|x64.Build.0 = Release|x64
		{EF09A688-02D6-4049-9507-568DCE3CE9EC}.Release|x86.ActiveCfg = Release|Win32
		{EF09A688-02D6-4049-9507-568DCE3CE9EC}.Release|x86.Build.0 = Release|Win32
		{9C735599-9D67-4A89-9940-F3384A4D2884}.Debug|x64.ActiveCfg = Debug|x64
		{9C735599-9D67-4A89-9940-F3384A4D2884}.Debug|x64.Build.0 = Debug|x64
		{9C735599-9D67-4A89-9940-F3384A4D2884}.Debug|x86.ActiveCfg = Debug|Win32
		{9C735599-9D67-4A89-9940-F3384A4D2884}.Debug|x86.Build.0 = Debug|Win32
		{9C735599-9D67-4A89-9940-F3384A4D2884}.Release|x64.ActiveCfg = Release|x64
		{9C735599-9D67-4A89-9940-F3384A4D2884}.Release|x64.Build.0 = Release|x64
		{9C735599-9D67-4A89-9940-F3384A4D2884}.Release|x86.ActiveCfg = Release|Win32
		{9C735599-9D67-4A89-9940-F3384A4D2884}.Release|x86.Build.0 = Release|Win32
	EndGlobalSection
	GlobalSection(SolutionProperties) = preSolution
		HideSolutionNode = FALSE
	EndGlobalSection
	GlobalSection(ExtensibilityGlobals) = postSolution
		SolutionGuid = {65D26C7D-4D99-43B7-BB79-CCB54C22DFA1}
	EndGlobalSection
EndGlobal
