
Microsoft Visual Studio Solution File, Format Version 12.00
# Visual Studio Version 17
VisualStudioVersion = 17.4.33122.133
MinimumVisualStudioVersion = 10.0.40219.1
Project("{9A19103F-16F7-4668-BE54-9A1E7A4F7556}") = "AoC2022", "AoC2022.csproj", "{1D08469C-5DEF-4C7D-8944-EB98907994FB}"
EndProject
Project("{9A19103F-16F7-4668-BE54-9A1E7A4F7556}") = "Position", "Position\Position.csproj", "{71F98E70-99D8-4800-B9EC-50273AB6D09D}"
EndProject
Project("{9A19103F-16F7-4668-BE54-9A1E7A4F7556}") = "PositionTests", "PositionTests\PositionTests.csproj", "{2D13EC42-35FE-4A5A-9A8E-F6ED74233D4C}"
EndProject
Global
	GlobalSection(SolutionConfigurationPlatforms) = preSolution
		Debug|Any CPU = Debug|Any CPU
		Release|Any CPU = Release|Any CPU
	EndGlobalSection
	GlobalSection(ProjectConfigurationPlatforms) = postSolution
		{1D08469C-5DEF-4C7D-8944-EB98907994FB}.Debug|Any CPU.ActiveCfg = Debug|Any CPU
		{1D08469C-5DEF-4C7D-8944-EB98907994FB}.Debug|Any CPU.Build.0 = Debug|Any CPU
		{1D08469C-5DEF-4C7D-8944-EB98907994FB}.Release|Any CPU.ActiveCfg = Release|Any CPU
		{1D08469C-5DEF-4C7D-8944-EB98907994FB}.Release|Any CPU.Build.0 = Release|Any CPU
		{71F98E70-99D8-4800-B9EC-50273AB6D09D}.Debug|Any CPU.ActiveCfg = Debug|Any CPU
		{71F98E70-99D8-4800-B9EC-50273AB6D09D}.Debug|Any CPU.Build.0 = Debug|Any CPU
		{71F98E70-99D8-4800-B9EC-50273AB6D09D}.Release|Any CPU.ActiveCfg = Release|Any CPU
		{71F98E70-99D8-4800-B9EC-50273AB6D09D}.Release|Any CPU.Build.0 = Release|Any CPU
		{2D13EC42-35FE-4A5A-9A8E-F6ED74233D4C}.Debug|Any CPU.ActiveCfg = Debug|Any CPU
		{2D13EC42-35FE-4A5A-9A8E-F6ED74233D4C}.Debug|Any CPU.Build.0 = Debug|Any CPU
		{2D13EC42-35FE-4A5A-9A8E-F6ED74233D4C}.Release|Any CPU.ActiveCfg = Release|Any CPU
		{2D13EC42-35FE-4A5A-9A8E-F6ED74233D4C}.Release|Any CPU.Build.0 = Release|Any CPU
	EndGlobalSection
	GlobalSection(SolutionProperties) = preSolution
		HideSolutionNode = FALSE
	EndGlobalSection
	GlobalSection(ExtensibilityGlobals) = postSolution
		SolutionGuid = {99EA7447-64EB-4DC7-8120-9E748619E3F3}
	EndGlobalSection
EndGlobal
