
Microsoft Visual Studio Solution File, Format Version 12.00
# Visual Studio Version 17
VisualStudioVersion = 17.4.33110.190
MinimumVisualStudioVersion = 10.0.40219.1
Project("{FAE04EC0-301F-11D3-BF4B-00C04F79EFBC}") = "AoC2022", "AoC2022.csproj", "{DD092607-FEA3-480A-9BE2-30EFBDF366B4}"
EndProject
Project("{FAE04EC0-301F-11D3-BF4B-00C04F79EFBC}") = "Position", "..\Position\Position.csproj", "{02ABFA54-8050-4E4F-8395-2D5B9311F80B}"
EndProject
Global
	GlobalSection(SolutionConfigurationPlatforms) = preSolution
		Debug|Any CPU = Debug|Any CPU
		Release|Any CPU = Release|Any CPU
	EndGlobalSection
	GlobalSection(ProjectConfigurationPlatforms) = postSolution
		{DD092607-FEA3-480A-9BE2-30EFBDF366B4}.Debug|Any CPU.ActiveCfg = Debug|Any CPU
		{DD092607-FEA3-480A-9BE2-30EFBDF366B4}.Debug|Any CPU.Build.0 = Debug|Any CPU
		{DD092607-FEA3-480A-9BE2-30EFBDF366B4}.Release|Any CPU.ActiveCfg = Release|Any CPU
		{DD092607-FEA3-480A-9BE2-30EFBDF366B4}.Release|Any CPU.Build.0 = Release|Any CPU
		{02ABFA54-8050-4E4F-8395-2D5B9311F80B}.Debug|Any CPU.ActiveCfg = Debug|Any CPU
		{02ABFA54-8050-4E4F-8395-2D5B9311F80B}.Debug|Any CPU.Build.0 = Debug|Any CPU
		{02ABFA54-8050-4E4F-8395-2D5B9311F80B}.Release|Any CPU.ActiveCfg = Release|Any CPU
		{02ABFA54-8050-4E4F-8395-2D5B9311F80B}.Release|Any CPU.Build.0 = Release|Any CPU
	EndGlobalSection
	GlobalSection(SolutionProperties) = preSolution
		HideSolutionNode = FALSE
	EndGlobalSection
	GlobalSection(ExtensibilityGlobals) = postSolution
		SolutionGuid = {C819E05B-DE6B-4C37-8D4E-A2DBDE1DCC4C}
	EndGlobalSection
EndGlobal
